
Microsoft Visual Studio Solution File, Format Version 12.00
# Visual Studio Version 17
VisualStudioVersion = 17.7.34031.279
MinimumVisualStudioVersion = 10.0.40219.1
Project("{FAE04EC0-301F-11D3-BF4B-00C04F79EFBC}") = "ResidentEvil4AdventureRedo", "ResidentEvil4AdventureRedo\ResidentEvil4AdventureRedo.csproj", "{B59E7047-2BA7-4BCF-B0BA-25BC4460A37E}"
EndProject
Global
	GlobalSection(SolutionConfigurationPlatforms) = preSolution
		Debug|Any CPU = Debug|Any CPU
		Release|Any CPU = Release|Any CPU
	EndGlobalSection
	GlobalSection(ProjectConfigurationPlatforms) = postSolution
		{B59E7047-2BA7-4BCF-B0BA-25BC4460A37E}.Debug|Any CPU.ActiveCfg = Debug|Any CPU
		{B59E7047-2BA7-4BCF-B0BA-25BC4460A37E}.Debug|Any CPU.Build.0 = Debug|Any CPU
		{B59E7047-2BA7-4BCF-B0BA-25BC4460A37E}.Release|Any CPU.ActiveCfg = Release|Any CPU
		{B59E7047-2BA7-4BCF-B0BA-25BC4460A37E}.Release|Any CPU.Build.0 = Release|Any CPU
	EndGlobalSection
	GlobalSection(SolutionProperties) = preSolution
		HideSolutionNode = FALSE
	EndGlobalSection
	GlobalSection(ExtensibilityGlobals) = postSolution
		SolutionGuid = {5AEE0926-29B7-44E9-8E01-3FF003CB668B}
	EndGlobalSection
EndGlobal
